// !$*UTF8*$!
{
	archiveVersion = 1;
	classes = {
	};
	objectVersion = 46;
	objects = {

/* Begin PBXBuildFile section */
		29E3F8B929DB1C1570FBA56E /* libPods-StuManagement.a in Frameworks */ = {isa = PBXBuildFile; fileRef = 8E3BC7D658DAD5D341A2F2DA /* libPods-StuManagement.a */; };
		6D0F564C1CA1779A00E27D12 /* LoginViewController.m in Sources */ = {isa = PBXBuildFile; fileRef = 6D0F564B1CA1779A00E27D12 /* LoginViewController.m */; };
		6D1A967A1CB7942600FCFF2A /* ActivityDetailViewController.m in Sources */ = {isa = PBXBuildFile; fileRef = 6D1A96791CB7942600FCFF2A /* ActivityDetailViewController.m */; };
		6D1A967C1CB79E8B00FCFF2A /* testXib.xib in Resources */ = {isa = PBXBuildFile; fileRef = 6D1A967B1CB79E8B00FCFF2A /* testXib.xib */; };
		6D1A96821CB8014A00FCFF2A /* UIImageView+MIYLoadImage.m in Sources */ = {isa = PBXBuildFile; fileRef = 6D1A96811CB8014A00FCFF2A /* UIImageView+MIYLoadImage.m */; };
		6D29C38A1CA50F8F0031B908 /* OrganizationViewController.m in Sources */ = {isa = PBXBuildFile; fileRef = 6D29C3891CA50F8F0031B908 /* OrganizationViewController.m */; };
		6D29C38D1CA510DC0031B908 /* ActivityViewController.m in Sources */ = {isa = PBXBuildFile; fileRef = 6D29C38C1CA510DC0031B908 /* ActivityViewController.m */; };
		6D29C3901CA511740031B908 /* SpotlightViewController.m in Sources */ = {isa = PBXBuildFile; fileRef = 6D29C38F1CA511740031B908 /* SpotlightViewController.m */; };
		6D29C3931CA512060031B908 /* MineViewController.m in Sources */ = {isa = PBXBuildFile; fileRef = 6D29C3921CA512060031B908 /* MineViewController.m */; };
		6D29C3961CA513F70031B908 /* MIYBasisViewController.m in Sources */ = {isa = PBXBuildFile; fileRef = 6D29C3951CA513F70031B908 /* MIYBasisViewController.m */; };
		6D29C39C1CA5224A0031B908 /* MIYTableView.m in Sources */ = {isa = PBXBuildFile; fileRef = 6D29C39B1CA5224A0031B908 /* MIYTableView.m */; };
		6D29C39F1CA526B80031B908 /* OrganizationTableViewCell.m in Sources */ = {isa = PBXBuildFile; fileRef = 6D29C39E1CA526B80031B908 /* OrganizationTableViewCell.m */; };
		6D29C3A21CA52D140031B908 /* MIYTableViewController.m in Sources */ = {isa = PBXBuildFile; fileRef = 6D29C3A11CA52D140031B908 /* MIYTableViewController.m */; };
		6D2E68CA1CA6D35100F1D415 /* CreateOrgViewController.m in Sources */ = {isa = PBXBuildFile; fileRef = 6D2E68C91CA6D35100F1D415 /* CreateOrgViewController.m */; };
		6D2E68D01CA6D6C100F1D415 /* OrganizationDetailViewController.m in Sources */ = {isa = PBXBuildFile; fileRef = 6D2E68CF1CA6D6C100F1D415 /* OrganizationDetailViewController.m */; };
		6D4B3DAB1CAAA96A00024DD7 /* menu.png in Resources */ = {isa = PBXBuildFile; fileRef = 6D4B3DAA1CAAA96A00024DD7 /* menu.png */; };
		6D5D9D0F1CBA650500320103 /* MineSubViewController.m in Sources */ = {isa = PBXBuildFile; fileRef = 6D5D9D0E1CBA650500320103 /* MineSubViewController.m */; };
		6D5D9D121CBA6E0D00320103 /* MineSubTableViewCell.m in Sources */ = {isa = PBXBuildFile; fileRef = 6D5D9D111CBA6E0D00320103 /* MineSubTableViewCell.m */; };
		6DC4B4C31CA3D363006FB4EC /* ImageRollScrollView.m in Sources */ = {isa = PBXBuildFile; fileRef = 6DC4B4C21CA3D363006FB4EC /* ImageRollScrollView.m */; };
		6DC4B4C71CA3E7B1006FB4EC /* 1.jpg in Resources */ = {isa = PBXBuildFile; fileRef = 6DC4B4C41CA3E7B1006FB4EC /* 1.jpg */; };
		6DC4B4C81CA3E7B1006FB4EC /* 2.jpg in Resources */ = {isa = PBXBuildFile; fileRef = 6DC4B4C51CA3E7B1006FB4EC /* 2.jpg */; };
		6DC4B4C91CA3E7B1006FB4EC /* 3.jpg in Resources */ = {isa = PBXBuildFile; fileRef = 6DC4B4C61CA3E7B1006FB4EC /* 3.jpg */; };
		6DC63BA71CA81C9F00F467A4 /* error.png in Resources */ = {isa = PBXBuildFile; fileRef = 6DC63BA31CA81C9F00F467A4 /* error.png */; };
		6DC63BA81CA81C9F00F467A4 /* error@2x.png in Resources */ = {isa = PBXBuildFile; fileRef = 6DC63BA41CA81C9F00F467A4 /* error@2x.png */; };
		6DC63BA91CA81C9F00F467A4 /* success.png in Resources */ = {isa = PBXBuildFile; fileRef = 6DC63BA51CA81C9F00F467A4 /* success.png */; };
		6DC63BAA1CA81C9F00F467A4 /* success@2x.png in Resources */ = {isa = PBXBuildFile; fileRef = 6DC63BA61CA81C9F00F467A4 /* success@2x.png */; };
		9116D2BC1C9D0A2600D80A50 /* BaseMenuViewController.m in Sources */ = {isa = PBXBuildFile; fileRef = 9116D2B91C9D0A2600D80A50 /* BaseMenuViewController.m */; };
		9116D2BD1C9D0A2600D80A50 /* BaseViewController.m in Sources */ = {isa = PBXBuildFile; fileRef = 9116D2BB1C9D0A2600D80A50 /* BaseViewController.m */; };
		9116D2C11C9D0A3D00D80A50 /* RootViewController.m in Sources */ = {isa = PBXBuildFile; fileRef = 9116D2BF1C9D0A3D00D80A50 /* RootViewController.m */; };
		9116D2C91C9D0AAF00D80A50 /* Button_circle_checked_32px.png in Resources */ = {isa = PBXBuildFile; fileRef = 9116D2C31C9D0AAF00D80A50 /* Button_circle_checked_32px.png */; };
		9116D2CA1C9D0AAF00D80A50 /* Circle_32px.png in Resources */ = {isa = PBXBuildFile; fileRef = 9116D2C41C9D0AAF00D80A50 /* Circle_32px.png */; };
		9116D2CB1C9D0AAF00D80A50 /* icon_header_back@2x.png in Resources */ = {isa = PBXBuildFile; fileRef = 9116D2C51C9D0AAF00D80A50 /* icon_header_back@2x.png */; };
		9116D2CC1C9D0AAF00D80A50 /* icon_header_back@3x.png in Resources */ = {isa = PBXBuildFile; fileRef = 9116D2C61C9D0AAF00D80A50 /* icon_header_back@3x.png */; };
		9116D2CD1C9D0AAF00D80A50 /* line_hon_1px_up.png in Resources */ = {isa = PBXBuildFile; fileRef = 9116D2C71C9D0AAF00D80A50 /* line_hon_1px_up.png */; };
		9116D2CE1C9D0AAF00D80A50 /* line_ver_1px_right.png in Resources */ = {isa = PBXBuildFile; fileRef = 9116D2C81C9D0AAF00D80A50 /* line_ver_1px_right.png */; };
		91EAA4A71C9D06A400DE1307 /* main.m in Sources */ = {isa = PBXBuildFile; fileRef = 91EAA4A61C9D06A400DE1307 /* main.m */; };
		91EAA4AA1C9D06A400DE1307 /* AppDelegate.m in Sources */ = {isa = PBXBuildFile; fileRef = 91EAA4A91C9D06A400DE1307 /* AppDelegate.m */; };
		91EAA4B21C9D06A400DE1307 /* Assets.xcassets in Resources */ = {isa = PBXBuildFile; fileRef = 91EAA4B11C9D06A400DE1307 /* Assets.xcassets */; };
		91EAA4B51C9D06A400DE1307 /* LaunchScreen.storyboard in Resources */ = {isa = PBXBuildFile; fileRef = 91EAA4B31C9D06A400DE1307 /* LaunchScreen.storyboard */; };
/* End PBXBuildFile section */

/* Begin PBXFileReference section */
		6D0F564A1CA1779A00E27D12 /* LoginViewController.h */ = {isa = PBXFileReference; fileEncoding = 4; lastKnownFileType = sourcecode.c.h; path = LoginViewController.h; sourceTree = "<group>"; };
		6D0F564B1CA1779A00E27D12 /* LoginViewController.m */ = {isa = PBXFileReference; fileEncoding = 4; lastKnownFileType = sourcecode.c.objc; path = LoginViewController.m; sourceTree = "<group>"; };
		6D1A96781CB7942600FCFF2A /* ActivityDetailViewController.h */ = {isa = PBXFileReference; fileEncoding = 4; lastKnownFileType = sourcecode.c.h; path = ActivityDetailViewController.h; sourceTree = "<group>"; };
		6D1A96791CB7942600FCFF2A /* ActivityDetailViewController.m */ = {isa = PBXFileReference; fileEncoding = 4; lastKnownFileType = sourcecode.c.objc; path = ActivityDetailViewController.m; sourceTree = "<group>"; };
		6D1A967B1CB79E8B00FCFF2A /* testXib.xib */ = {isa = PBXFileReference; fileEncoding = 4; lastKnownFileType = file.xib; path = testXib.xib; sourceTree = "<group>"; };
		6D1A96801CB8014A00FCFF2A /* UIImageView+MIYLoadImage.h */ = {isa = PBXFileReference; fileEncoding = 4; lastKnownFileType = sourcecode.c.h; path = "UIImageView+MIYLoadImage.h"; sourceTree = "<group>"; };
		6D1A96811CB8014A00FCFF2A /* UIImageView+MIYLoadImage.m */ = {isa = PBXFileReference; fileEncoding = 4; lastKnownFileType = sourcecode.c.objc; path = "UIImageView+MIYLoadImage.m"; sourceTree = "<group>"; };
		6D29C3881CA50F8F0031B908 /* OrganizationViewController.h */ = {isa = PBXFileReference; fileEncoding = 4; lastKnownFileType = sourcecode.c.h; path = OrganizationViewController.h; sourceTree = "<group>"; };
		6D29C3891CA50F8F0031B908 /* OrganizationViewController.m */ = {isa = PBXFileReference; fileEncoding = 4; lastKnownFileType = sourcecode.c.objc; path = OrganizationViewController.m; sourceTree = "<group>"; };
		6D29C38B1CA510DC0031B908 /* ActivityViewController.h */ = {isa = PBXFileReference; fileEncoding = 4; lastKnownFileType = sourcecode.c.h; path = ActivityViewController.h; sourceTree = "<group>"; };
		6D29C38C1CA510DC0031B908 /* ActivityViewController.m */ = {isa = PBXFileReference; fileEncoding = 4; lastKnownFileType = sourcecode.c.objc; path = ActivityViewController.m; sourceTree = "<group>"; };
		6D29C38E1CA511740031B908 /* SpotlightViewController.h */ = {isa = PBXFileReference; fileEncoding = 4; lastKnownFileType = sourcecode.c.h; path = SpotlightViewController.h; sourceTree = "<group>"; };
		6D29C38F1CA511740031B908 /* SpotlightViewController.m */ = {isa = PBXFileReference; fileEncoding = 4; lastKnownFileType = sourcecode.c.objc; path = SpotlightViewController.m; sourceTree = "<group>"; };
		6D29C3911CA512060031B908 /* MineViewController.h */ = {isa = PBXFileReference; fileEncoding = 4; lastKnownFileType = sourcecode.c.h; path = MineViewController.h; sourceTree = "<group>"; };
		6D29C3921CA512060031B908 /* MineViewController.m */ = {isa = PBXFileReference; fileEncoding = 4; lastKnownFileType = sourcecode.c.objc; path = MineViewController.m; sourceTree = "<group>"; };
		6D29C3941CA513F70031B908 /* MIYBasisViewController.h */ = {isa = PBXFileReference; fileEncoding = 4; lastKnownFileType = sourcecode.c.h; path = MIYBasisViewController.h; sourceTree = "<group>"; };
		6D29C3951CA513F70031B908 /* MIYBasisViewController.m */ = {isa = PBXFileReference; fileEncoding = 4; lastKnownFileType = sourcecode.c.objc; path = MIYBasisViewController.m; sourceTree = "<group>"; };
		6D29C39A1CA5224A0031B908 /* MIYTableView.h */ = {isa = PBXFileReference; fileEncoding = 4; lastKnownFileType = sourcecode.c.h; path = MIYTableView.h; sourceTree = "<group>"; };
		6D29C39B1CA5224A0031B908 /* MIYTableView.m */ = {isa = PBXFileReference; fileEncoding = 4; lastKnownFileType = sourcecode.c.objc; path = MIYTableView.m; sourceTree = "<group>"; };
		6D29C39D1CA526B80031B908 /* OrganizationTableViewCell.h */ = {isa = PBXFileReference; fileEncoding = 4; lastKnownFileType = sourcecode.c.h; path = OrganizationTableViewCell.h; sourceTree = "<group>"; };
		6D29C39E1CA526B80031B908 /* OrganizationTableViewCell.m */ = {isa = PBXFileReference; fileEncoding = 4; lastKnownFileType = sourcecode.c.objc; path = OrganizationTableViewCell.m; sourceTree = "<group>"; };
		6D29C3A01CA52D140031B908 /* MIYTableViewController.h */ = {isa = PBXFileReference; fileEncoding = 4; lastKnownFileType = sourcecode.c.h; path = MIYTableViewController.h; sourceTree = "<group>"; };
		6D29C3A11CA52D140031B908 /* MIYTableViewController.m */ = {isa = PBXFileReference; fileEncoding = 4; lastKnownFileType = sourcecode.c.objc; path = MIYTableViewController.m; sourceTree = "<group>"; };
		6D2E68C81CA6D35100F1D415 /* CreateOrgViewController.h */ = {isa = PBXFileReference; fileEncoding = 4; lastKnownFileType = sourcecode.c.h; path = CreateOrgViewController.h; sourceTree = "<group>"; };
		6D2E68C91CA6D35100F1D415 /* CreateOrgViewController.m */ = {isa = PBXFileReference; fileEncoding = 4; lastKnownFileType = sourcecode.c.objc; path = CreateOrgViewController.m; sourceTree = "<group>"; };
		6D2E68CE1CA6D6C100F1D415 /* OrganizationDetailViewController.h */ = {isa = PBXFileReference; fileEncoding = 4; lastKnownFileType = sourcecode.c.h; path = OrganizationDetailViewController.h; sourceTree = "<group>"; };
		6D2E68CF1CA6D6C100F1D415 /* OrganizationDetailViewController.m */ = {isa = PBXFileReference; fileEncoding = 4; lastKnownFileType = sourcecode.c.objc; path = OrganizationDetailViewController.m; sourceTree = "<group>"; };
		6D4B3DAA1CAAA96A00024DD7 /* menu.png */ = {isa = PBXFileReference; lastKnownFileType = image.png; path = menu.png; sourceTree = "<group>"; };
		6D5D9D0D1CBA650500320103 /* MineSubViewController.h */ = {isa = PBXFileReference; fileEncoding = 4; lastKnownFileType = sourcecode.c.h; path = MineSubViewController.h; sourceTree = "<group>"; };
		6D5D9D0E1CBA650500320103 /* MineSubViewController.m */ = {isa = PBXFileReference; fileEncoding = 4; lastKnownFileType = sourcecode.c.objc; path = MineSubViewController.m; sourceTree = "<group>"; };
		6D5D9D101CBA6E0D00320103 /* MineSubTableViewCell.h */ = {isa = PBXFileReference; fileEncoding = 4; lastKnownFileType = sourcecode.c.h; path = MineSubTableViewCell.h; sourceTree = "<group>"; };
		6D5D9D111CBA6E0D00320103 /* MineSubTableViewCell.m */ = {isa = PBXFileReference; fileEncoding = 4; lastKnownFileType = sourcecode.c.objc; path = MineSubTableViewCell.m; sourceTree = "<group>"; };
		6DC4B4C11CA3D363006FB4EC /* ImageRollScrollView.h */ = {isa = PBXFileReference; fileEncoding = 4; lastKnownFileType = sourcecode.c.h; path = ImageRollScrollView.h; sourceTree = "<group>"; };
		6DC4B4C21CA3D363006FB4EC /* ImageRollScrollView.m */ = {isa = PBXFileReference; fileEncoding = 4; lastKnownFileType = sourcecode.c.objc; path = ImageRollScrollView.m; sourceTree = "<group>"; };
		6DC4B4C41CA3E7B1006FB4EC /* 1.jpg */ = {isa = PBXFileReference; lastKnownFileType = image.jpeg; path = 1.jpg; sourceTree = "<group>"; };
		6DC4B4C51CA3E7B1006FB4EC /* 2.jpg */ = {isa = PBXFileReference; lastKnownFileType = image.jpeg; path = 2.jpg; sourceTree = "<group>"; };
		6DC4B4C61CA3E7B1006FB4EC /* 3.jpg */ = {isa = PBXFileReference; lastKnownFileType = image.jpeg; path = 3.jpg; sourceTree = "<group>"; };
		6DC63BA31CA81C9F00F467A4 /* error.png */ = {isa = PBXFileReference; lastKnownFileType = image.png; path = error.png; sourceTree = "<group>"; };
		6DC63BA41CA81C9F00F467A4 /* error@2x.png */ = {isa = PBXFileReference; lastKnownFileType = image.png; path = "error@2x.png"; sourceTree = "<group>"; };
		6DC63BA51CA81C9F00F467A4 /* success.png */ = {isa = PBXFileReference; lastKnownFileType = image.png; path = success.png; sourceTree = "<group>"; };
		6DC63BA61CA81C9F00F467A4 /* success@2x.png */ = {isa = PBXFileReference; lastKnownFileType = image.png; path = "success@2x.png"; sourceTree = "<group>"; };
		8E3BC7D658DAD5D341A2F2DA /* libPods-StuManagement.a */ = {isa = PBXFileReference; explicitFileType = archive.ar; includeInIndex = 0; path = "libPods-StuManagement.a"; sourceTree = BUILT_PRODUCTS_DIR; };
		9116D2B61C9D090F00D80A50 /* StuMan-pch.pch */ = {isa = PBXFileReference; lastKnownFileType = sourcecode.c.h; path = "StuMan-pch.pch"; sourceTree = "<group>"; };
		9116D2B71C9D094600D80A50 /* Constant.h */ = {isa = PBXFileReference; lastKnownFileType = sourcecode.c.h; path = Constant.h; sourceTree = "<group>"; };
		9116D2B81C9D0A2600D80A50 /* BaseMenuViewController.h */ = {isa = PBXFileReference; fileEncoding = 4; lastKnownFileType = sourcecode.c.h; path = BaseMenuViewController.h; sourceTree = "<group>"; };
		9116D2B91C9D0A2600D80A50 /* BaseMenuViewController.m */ = {isa = PBXFileReference; fileEncoding = 4; lastKnownFileType = sourcecode.c.objc; path = BaseMenuViewController.m; sourceTree = "<group>"; };
		9116D2BA1C9D0A2600D80A50 /* BaseViewController.h */ = {isa = PBXFileReference; fileEncoding = 4; lastKnownFileType = sourcecode.c.h; path = BaseViewController.h; sourceTree = "<group>"; };
		9116D2BB1C9D0A2600D80A50 /* BaseViewController.m */ = {isa = PBXFileReference; fileEncoding = 4; lastKnownFileType = sourcecode.c.objc; path = BaseViewController.m; sourceTree = "<group>"; };
		9116D2BE1C9D0A3D00D80A50 /* RootViewController.h */ = {isa = PBXFileReference; fileEncoding = 4; lastKnownFileType = sourcecode.c.h; path = RootViewController.h; sourceTree = "<group>"; };
		9116D2BF1C9D0A3D00D80A50 /* RootViewController.m */ = {isa = PBXFileReference; fileEncoding = 4; lastKnownFileType = sourcecode.c.objc; path = RootViewController.m; sourceTree = "<group>"; };
		9116D2C31C9D0AAF00D80A50 /* Button_circle_checked_32px.png */ = {isa = PBXFileReference; lastKnownFileType = image.png; path = Button_circle_checked_32px.png; sourceTree = "<group>"; };
		9116D2C41C9D0AAF00D80A50 /* Circle_32px.png */ = {isa = PBXFileReference; lastKnownFileType = image.png; path = Circle_32px.png; sourceTree = "<group>"; };
		9116D2C51C9D0AAF00D80A50 /* icon_header_back@2x.png */ = {isa = PBXFileReference; lastKnownFileType = image.png; path = "icon_header_back@2x.png"; sourceTree = "<group>"; };
		9116D2C61C9D0AAF00D80A50 /* icon_header_back@3x.png */ = {isa = PBXFileReference; lastKnownFileType = image.png; path = "icon_header_back@3x.png"; sourceTree = "<group>"; };
		9116D2C71C9D0AAF00D80A50 /* line_hon_1px_up.png */ = {isa = PBXFileReference; lastKnownFileType = image.png; path = line_hon_1px_up.png; sourceTree = "<group>"; };
		9116D2C81C9D0AAF00D80A50 /* line_ver_1px_right.png */ = {isa = PBXFileReference; lastKnownFileType = image.png; path = line_ver_1px_right.png; sourceTree = "<group>"; };
		91EAA4A21C9D06A400DE1307 /* StuManagement.app */ = {isa = PBXFileReference; explicitFileType = wrapper.application; includeInIndex = 0; path = StuManagement.app; sourceTree = BUILT_PRODUCTS_DIR; };
		91EAA4A61C9D06A400DE1307 /* main.m */ = {isa = PBXFileReference; lastKnownFileType = sourcecode.c.objc; path = main.m; sourceTree = "<group>"; };
		91EAA4A81C9D06A400DE1307 /* AppDelegate.h */ = {isa = PBXFileReference; lastKnownFileType = sourcecode.c.h; path = AppDelegate.h; sourceTree = "<group>"; };
		91EAA4A91C9D06A400DE1307 /* AppDelegate.m */ = {isa = PBXFileReference; lastKnownFileType = sourcecode.c.objc; path = AppDelegate.m; sourceTree = "<group>"; };
		91EAA4B11C9D06A400DE1307 /* Assets.xcassets */ = {isa = PBXFileReference; lastKnownFileType = folder.assetcatalog; path = Assets.xcassets; sourceTree = "<group>"; };
		91EAA4B41C9D06A400DE1307 /* Base */ = {isa = PBXFileReference; lastKnownFileType = file.storyboard; name = Base; path = Base.lproj/LaunchScreen.storyboard; sourceTree = "<group>"; };
		91EAA4B61C9D06A400DE1307 /* Info.plist */ = {isa = PBXFileReference; lastKnownFileType = text.plist.xml; path = Info.plist; sourceTree = "<group>"; };
		D5BB0E3BB0953FBED8BA0D2A /* Pods-StuManagement.release.xcconfig */ = {isa = PBXFileReference; includeInIndex = 1; lastKnownFileType = text.xcconfig; name = "Pods-StuManagement.release.xcconfig"; path = "Pods/Target Support Files/Pods-StuManagement/Pods-StuManagement.release.xcconfig"; sourceTree = "<group>"; };
		F16F4AC761EBBFE78D322032 /* Pods-StuManagement.debug.xcconfig */ = {isa = PBXFileReference; includeInIndex = 1; lastKnownFileType = text.xcconfig; name = "Pods-StuManagement.debug.xcconfig"; path = "Pods/Target Support Files/Pods-StuManagement/Pods-StuManagement.debug.xcconfig"; sourceTree = "<group>"; };
/* End PBXFileReference section */

/* Begin PBXFrameworksBuildPhase section */
		91EAA49F1C9D06A400DE1307 /* Frameworks */ = {
			isa = PBXFrameworksBuildPhase;
			buildActionMask = 2147483647;
			files = (
				29E3F8B929DB1C1570FBA56E /* libPods-StuManagement.a in Frameworks */,
			);
			runOnlyForDeploymentPostprocessing = 0;
		};
/* End PBXFrameworksBuildPhase section */

/* Begin PBXGroup section */
		6D0F56451CA1778400E27D12 /* 登录 */ = {
			isa = PBXGroup;
			children = (
				6D0F564A1CA1779A00E27D12 /* LoginViewController.h */,
				6D0F564B1CA1779A00E27D12 /* LoginViewController.m */,
			);
			name = "登录";
			path = "StuManagement/登录";
			sourceTree = SOURCE_ROOT;
		};
		6D0F56461CA1778400E27D12 /* 活动 */ = {
			isa = PBXGroup;
			children = (
				6D29C38B1CA510DC0031B908 /* ActivityViewController.h */,
				6D29C38C1CA510DC0031B908 /* ActivityViewController.m */,
				6D1A96771CB7940000FCFF2A /* 活动详情 */,
			);
			name = "活动";
			path = "StuManagement/活动";
			sourceTree = SOURCE_ROOT;
		};
		6D0F56471CA1778400E27D12 /* 社团 */ = {
			isa = PBXGroup;
			children = (
				6D29C3881CA50F8F0031B908 /* OrganizationViewController.h */,
				6D29C3891CA50F8F0031B908 /* OrganizationViewController.m */,
				6D29C39D1CA526B80031B908 /* OrganizationTableViewCell.h */,
				6D29C39E1CA526B80031B908 /* OrganizationTableViewCell.m */,
				6DC63BAB1CA81CAF00F467A4 /* 新建社团 */,
				6DC63BAC1CA81CC900F467A4 /* 社团详情 */,
			);
			name = "社团";
			path = "StuManagement/社团";
			sourceTree = SOURCE_ROOT;
		};
		6D0F56481CA1778400E27D12 /* 我的 */ = {
			isa = PBXGroup;
			children = (
				6D29C3911CA512060031B908 /* MineViewController.h */,
				6D29C3921CA512060031B908 /* MineViewController.m */,
				6D5D9D0D1CBA650500320103 /* MineSubViewController.h */,
				6D5D9D0E1CBA650500320103 /* MineSubViewController.m */,
				6D5D9D101CBA6E0D00320103 /* MineSubTableViewCell.h */,
				6D5D9D111CBA6E0D00320103 /* MineSubTableViewCell.m */,
			);
			name = "我的";
			path = "StuManagement/我的";
			sourceTree = SOURCE_ROOT;
		};
		6D0F56491CA1778400E27D12 /* 新闻 */ = {
			isa = PBXGroup;
			children = (
				6D29C38E1CA511740031B908 /* SpotlightViewController.h */,
				6D29C38F1CA511740031B908 /* SpotlightViewController.m */,
			);
			name = "新闻";
			path = "StuManagement/新闻";
			sourceTree = SOURCE_ROOT;
		};
		6D1A96771CB7940000FCFF2A /* 活动详情 */ = {
			isa = PBXGroup;
			children = (
				6D1A96781CB7942600FCFF2A /* ActivityDetailViewController.h */,
				6D1A96791CB7942600FCFF2A /* ActivityDetailViewController.m */,
			);
			name = "活动详情";
			sourceTree = "<group>";
		};
		6DC4B4C01CA3D305006FB4EC /* 类 */ = {
			isa = PBXGroup;
			children = (
				6DC4B4C11CA3D363006FB4EC /* ImageRollScrollView.h */,
				6DC4B4C21CA3D363006FB4EC /* ImageRollScrollView.m */,
				6D29C39A1CA5224A0031B908 /* MIYTableView.h */,
				6D29C39B1CA5224A0031B908 /* MIYTableView.m */,
				6D29C3A01CA52D140031B908 /* MIYTableViewController.h */,
				6D29C3A11CA52D140031B908 /* MIYTableViewController.m */,
				6D1A96801CB8014A00FCFF2A /* UIImageView+MIYLoadImage.h */,
				6D1A96811CB8014A00FCFF2A /* UIImageView+MIYLoadImage.m */,
			);
			path = "类";
			sourceTree = "<group>";
		};
		6DC63BAB1CA81CAF00F467A4 /* 新建社团 */ = {
			isa = PBXGroup;
			children = (
				6D2E68C81CA6D35100F1D415 /* CreateOrgViewController.h */,
				6D2E68C91CA6D35100F1D415 /* CreateOrgViewController.m */,
			);
			name = "新建社团";
			sourceTree = "<group>";
		};
		6DC63BAC1CA81CC900F467A4 /* 社团详情 */ = {
			isa = PBXGroup;
			children = (
				6D2E68CE1CA6D6C100F1D415 /* OrganizationDetailViewController.h */,
				6D2E68CF1CA6D6C100F1D415 /* OrganizationDetailViewController.m */,
			);
			name = "社团详情";
			sourceTree = "<group>";
		};
		9116D2B21C9D07D600D80A50 /* Model */ = {
			isa = PBXGroup;
			children = (
			);
			path = Model;
			sourceTree = "<group>";
		};
		9116D2B31C9D07E600D80A50 /* Resources */ = {
			isa = PBXGroup;
			children = (
				9116D2C31C9D0AAF00D80A50 /* Button_circle_checked_32px.png */,
				9116D2C41C9D0AAF00D80A50 /* Circle_32px.png */,
				9116D2C51C9D0AAF00D80A50 /* icon_header_back@2x.png */,
				9116D2C61C9D0AAF00D80A50 /* icon_header_back@3x.png */,
				9116D2C71C9D0AAF00D80A50 /* line_hon_1px_up.png */,
				9116D2C81C9D0AAF00D80A50 /* line_ver_1px_right.png */,
				6DC63BA31CA81C9F00F467A4 /* error.png */,
				6DC63BA41CA81C9F00F467A4 /* error@2x.png */,
				6DC63BA51CA81C9F00F467A4 /* success.png */,
				6DC63BA61CA81C9F00F467A4 /* success@2x.png */,
			);
			path = Resources;
			sourceTree = "<group>";
		};
		9116D2B41C9D07F000D80A50 /* VC */ = {
			isa = PBXGroup;
			children = (
				9116D2B81C9D0A2600D80A50 /* BaseMenuViewController.h */,
				9116D2B91C9D0A2600D80A50 /* BaseMenuViewController.m */,
				9116D2BA1C9D0A2600D80A50 /* BaseViewController.h */,
				9116D2BB1C9D0A2600D80A50 /* BaseViewController.m */,
				6D29C3941CA513F70031B908 /* MIYBasisViewController.h */,
				6D29C3951CA513F70031B908 /* MIYBasisViewController.m */,
				9116D2BE1C9D0A3D00D80A50 /* RootViewController.h */,
				9116D2BF1C9D0A3D00D80A50 /* RootViewController.m */,
				6D1A967B1CB79E8B00FCFF2A /* testXib.xib */,
				6D0F56451CA1778400E27D12 /* 登录 */,
				6D0F56461CA1778400E27D12 /* 活动 */,
				6D0F56471CA1778400E27D12 /* 社团 */,
				6D0F56481CA1778400E27D12 /* 我的 */,
				6D0F56491CA1778400E27D12 /* 新闻 */,
			);
			path = VC;
			sourceTree = "<group>";
		};
		9116D2B51C9D07F700D80A50 /* Libraries */ = {
			isa = PBXGroup;
			children = (
			);
			path = Libraries;
			sourceTree = "<group>";
		};
		91EAA4991C9D06A400DE1307 = {
			isa = PBXGroup;
			children = (
				91EAA4A41C9D06A400DE1307 /* StuManagement */,
				91EAA4A31C9D06A400DE1307 /* Products */,
				C9BF580AC0A0E5465914C040 /* Pods */,
				C440ACF2938AC5CEDB4DD7DC /* Frameworks */,
			);
			sourceTree = "<group>";
		};
		91EAA4A31C9D06A400DE1307 /* Products */ = {
			isa = PBXGroup;
			children = (
				91EAA4A21C9D06A400DE1307 /* StuManagement.app */,
			);
			name = Products;
			sourceTree = "<group>";
		};
		91EAA4A41C9D06A400DE1307 /* StuManagement */ = {
			isa = PBXGroup;
			children = (
				91EAA4A81C9D06A400DE1307 /* AppDelegate.h */,
				91EAA4A91C9D06A400DE1307 /* AppDelegate.m */,
				9116D2B71C9D094600D80A50 /* Constant.h */,
				6DC4B4C41CA3E7B1006FB4EC /* 1.jpg */,
				6DC4B4C51CA3E7B1006FB4EC /* 2.jpg */,
				6DC4B4C61CA3E7B1006FB4EC /* 3.jpg */,
				6D4B3DAA1CAAA96A00024DD7 /* menu.png */,
				9116D2B41C9D07F000D80A50 /* VC */,
				6DC4B4C01CA3D305006FB4EC /* 类 */,
				9116D2B21C9D07D600D80A50 /* Model */,
				9116D2B31C9D07E600D80A50 /* Resources */,
				9116D2B51C9D07F700D80A50 /* Libraries */,
				91EAA4A51C9D06A400DE1307 /* Supporting Files */,
			);
			path = StuManagement;
			sourceTree = "<group>";
		};
		91EAA4A51C9D06A400DE1307 /* Supporting Files */ = {
			isa = PBXGroup;
			children = (
				9116D2B61C9D090F00D80A50 /* StuMan-pch.pch */,
				91EAA4B61C9D06A400DE1307 /* Info.plist */,
				91EAA4B11C9D06A400DE1307 /* Assets.xcassets */,
				91EAA4B31C9D06A400DE1307 /* LaunchScreen.storyboard */,
				91EAA4A61C9D06A400DE1307 /* main.m */,
			);
			name = "Supporting Files";
			sourceTree = "<group>";
		};
		C440ACF2938AC5CEDB4DD7DC /* Frameworks */ = {
			isa = PBXGroup;
			children = (
				8E3BC7D658DAD5D341A2F2DA /* libPods-StuManagement.a */,
			);
			name = Frameworks;
			sourceTree = "<group>";
		};
		C9BF580AC0A0E5465914C040 /* Pods */ = {
			isa = PBXGroup;
			children = (
				F16F4AC761EBBFE78D322032 /* Pods-StuManagement.debug.xcconfig */,
				D5BB0E3BB0953FBED8BA0D2A /* Pods-StuManagement.release.xcconfig */,
			);
			name = Pods;
			sourceTree = "<group>";
		};
/* End PBXGroup section */

/* Begin PBXNativeTarget section */
		91EAA4A11C9D06A400DE1307 /* StuManagement */ = {
			isa = PBXNativeTarget;
			buildConfigurationList = 91EAA4B91C9D06A400DE1307 /* Build configuration list for PBXNativeTarget "StuManagement" */;
			buildPhases = (
				339D1C2CE643E71750720A16 /* Check Pods Manifest.lock */,
				91EAA49E1C9D06A400DE1307 /* Sources */,
				91EAA49F1C9D06A400DE1307 /* Frameworks */,
				91EAA4A01C9D06A400DE1307 /* Resources */,
				325E6D4052B7AF286A5C903B /* Embed Pods Frameworks */,
				0AC958985798FED6D0DF55C9 /* Copy Pods Resources */,
			);
			buildRules = (
			);
			dependencies = (
			);
			name = StuManagement;
			productName = StuManagement;
			productReference = 91EAA4A21C9D06A400DE1307 /* StuManagement.app */;
			productType = "com.apple.product-type.application";
		};
/* End PBXNativeTarget section */

/* Begin PBXProject section */
		91EAA49A1C9D06A400DE1307 /* Project object */ = {
			isa = PBXProject;
			attributes = {
				LastUpgradeCheck = 0710;
				ORGANIZATIONNAME = miao;
				TargetAttributes = {
					91EAA4A11C9D06A400DE1307 = {
						CreatedOnToolsVersion = 7.1;
					};
				};
			};
			buildConfigurationList = 91EAA49D1C9D06A400DE1307 /* Build configuration list for PBXProject "StuManagement" */;
			compatibilityVersion = "Xcode 3.2";
			developmentRegion = English;
			hasScannedForEncodings = 0;
			knownRegions = (
				en,
				Base,
			);
			mainGroup = 91EAA4991C9D06A400DE1307;
			productRefGroup = 91EAA4A31C9D06A400DE1307 /* Products */;
			projectDirPath = "";
			projectRoot = "";
			targets = (
				91EAA4A11C9D06A400DE1307 /* StuManagement */,
			);
		};
/* End PBXProject section */

/* Begin PBXResourcesBuildPhase section */
		91EAA4A01C9D06A400DE1307 /* Resources */ = {
			isa = PBXResourcesBuildPhase;
			buildActionMask = 2147483647;
			files = (
				9116D2C91C9D0AAF00D80A50 /* Button_circle_checked_32px.png in Resources */,
				6DC63BA91CA81C9F00F467A4 /* success.png in Resources */,
				6DC63BAA1CA81C9F00F467A4 /* success@2x.png in Resources */,
				6DC4B4C91CA3E7B1006FB4EC /* 3.jpg in Resources */,
				6DC63BA71CA81C9F00F467A4 /* error.png in Resources */,
				6DC4B4C81CA3E7B1006FB4EC /* 2.jpg in Resources */,
				6D1A967C1CB79E8B00FCFF2A /* testXib.xib in Resources */,
				91EAA4B51C9D06A400DE1307 /* LaunchScreen.storyboard in Resources */,
				9116D2CE1C9D0AAF00D80A50 /* line_ver_1px_right.png in Resources */,
				6DC4B4C71CA3E7B1006FB4EC /* 1.jpg in Resources */,
				91EAA4B21C9D06A400DE1307 /* Assets.xcassets in Resources */,
				6D4B3DAB1CAAA96A00024DD7 /* menu.png in Resources */,
				9116D2CC1C9D0AAF00D80A50 /* icon_header_back@3x.png in Resources */,
				9116D2CA1C9D0AAF00D80A50 /* Circle_32px.png in Resources */,
				9116D2CD1C9D0AAF00D80A50 /* line_hon_1px_up.png in Resources */,
				9116D2CB1C9D0AAF00D80A50 /* icon_header_back@2x.png in Resources */,
				6DC63BA81CA81C9F00F467A4 /* error@2x.png in Resources */,
			);
			runOnlyForDeploymentPostprocessing = 0;
		};
/* End PBXResourcesBuildPhase section */

/* Begin PBXShellScriptBuildPhase section */
		0AC958985798FED6D0DF55C9 /* Copy Pods Resources */ = {
			isa = PBXShellScriptBuildPhase;
			buildActionMask = 2147483647;
			files = (
			);
			inputPaths = (
			);
			name = "Copy Pods Resources";
			outputPaths = (
			);
			runOnlyForDeploymentPostprocessing = 0;
			shellPath = /bin/sh;
			shellScript = "\"${SRCROOT}/Pods/Target Support Files/Pods-StuManagement/Pods-StuManagement-resources.sh\"\n";
			showEnvVarsInLog = 0;
		};
		325E6D4052B7AF286A5C903B /* Embed Pods Frameworks */ = {
			isa = PBXShellScriptBuildPhase;
			buildActionMask = 2147483647;
			files = (
			);
			inputPaths = (
			);
			name = "Embed Pods Frameworks";
			outputPaths = (
			);
			runOnlyForDeploymentPostprocessing = 0;
			shellPath = /bin/sh;
			shellScript = "\"${SRCROOT}/Pods/Target Support Files/Pods-StuManagement/Pods-StuManagement-frameworks.sh\"\n";
			showEnvVarsInLog = 0;
		};
		339D1C2CE643E71750720A16 /* Check Pods Manifest.lock */ = {
			isa = PBXShellScriptBuildPhase;
			buildActionMask = 2147483647;
			files = (
			);
			inputPaths = (
			);
			name = "Check Pods Manifest.lock";
			outputPaths = (
			);
			runOnlyForDeploymentPostprocessing = 0;
			shellPath = /bin/sh;
			shellScript = "diff \"${PODS_ROOT}/../Podfile.lock\" \"${PODS_ROOT}/Manifest.lock\" > /dev/null\nif [[ $? != 0 ]] ; then\n    cat << EOM\nerror: The sandbox is not in sync with the Podfile.lock. Run 'pod install' or update your CocoaPods installation.\nEOM\n    exit 1\nfi\n";
			showEnvVarsInLog = 0;
		};
/* End PBXShellScriptBuildPhase section */

/* Begin PBXSourcesBuildPhase section */
		91EAA49E1C9D06A400DE1307 /* Sources */ = {
			isa = PBXSourcesBuildPhase;
			buildActionMask = 2147483647;
			files = (
				6D29C39F1CA526B80031B908 /* OrganizationTableViewCell.m in Sources */,
				9116D2BC1C9D0A2600D80A50 /* BaseMenuViewController.m in Sources */,
				9116D2BD1C9D0A2600D80A50 /* BaseViewController.m in Sources */,
				6D0F564C1CA1779A00E27D12 /* LoginViewController.m in Sources */,
				6D5D9D0F1CBA650500320103 /* MineSubViewController.m in Sources */,
				6D5D9D121CBA6E0D00320103 /* MineSubTableViewCell.m in Sources */,
				6D29C38A1CA50F8F0031B908 /* OrganizationViewController.m in Sources */,
				91EAA4AA1C9D06A400DE1307 /* AppDelegate.m in Sources */,
				6D2E68D01CA6D6C100F1D415 /* OrganizationDetailViewController.m in Sources */,
				6D29C3931CA512060031B908 /* MineViewController.m in Sources */,
				6D1A96821CB8014A00FCFF2A /* UIImageView+MIYLoadImage.m in Sources */,
				91EAA4A71C9D06A400DE1307 /* main.m in Sources */,
				6D29C3961CA513F70031B908 /* MIYBasisViewController.m in Sources */,
				6DC4B4C31CA3D363006FB4EC /* ImageRollScrollView.m in Sources */,
				6D29C3A21CA52D140031B908 /* MIYTableViewController.m in Sources */,
				6D1A967A1CB7942600FCFF2A /* ActivityDetailViewController.m in Sources */,
				6D29C3901CA511740031B908 /* SpotlightViewController.m in Sources */,
				6D29C38D1CA510DC0031B908 /* ActivityViewController.m in Sources */,
				9116D2C11C9D0A3D00D80A50 /* RootViewController.m in Sources */,
				6D29C39C1CA5224A0031B908 /* MIYTableView.m in Sources */,
				6D2E68CA1CA6D35100F1D415 /* CreateOrgViewController.m in Sources */,
			);
			runOnlyForDeploymentPostprocessing = 0;
		};
/* End PBXSourcesBuildPhase section */

/* Begin PBXVariantGroup section */
		91EAA4B31C9D06A400DE1307 /* LaunchScreen.storyboard */ = {
			isa = PBXVariantGroup;
			children = (
				91EAA4B41C9D06A400DE1307 /* Base */,
			);
			name = LaunchScreen.storyboard;
			sourceTree = "<group>";
		};
/* End PBXVariantGroup section */

/* Begin XCBuildConfiguration section */
		91EAA4B71C9D06A400DE1307 /* Debug */ = {
			isa = XCBuildConfiguration;
			buildSettings = {
				ALWAYS_SEARCH_USER_PATHS = NO;
				CLANG_CXX_LANGUAGE_STANDARD = "gnu++0x";
				CLANG_CXX_LIBRARY = "libc++";
				CLANG_ENABLE_MODULES = YES;
				CLANG_ENABLE_OBJC_ARC = YES;
				CLANG_WARN_BOOL_CONVERSION = YES;
				CLANG_WARN_CONSTANT_CONVERSION = YES;
				CLANG_WARN_DIRECT_OBJC_ISA_USAGE = YES_ERROR;
				CLANG_WARN_EMPTY_BODY = YES;
				CLANG_WARN_ENUM_CONVERSION = YES;
				CLANG_WARN_INT_CONVERSION = YES;
				CLANG_WARN_OBJC_ROOT_CLASS = YES_ERROR;
				CLANG_WARN_UNREACHABLE_CODE = YES;
				CLANG_WARN__DUPLICATE_METHOD_MATCH = YES;
				"CODE_SIGN_IDENTITY[sdk=iphoneos*]" = "iPhone Developer";
				COPY_PHASE_STRIP = NO;
				DEBUG_INFORMATION_FORMAT = dwarf;
				ENABLE_STRICT_OBJC_MSGSEND = YES;
				ENABLE_TESTABILITY = YES;
				GCC_C_LANGUAGE_STANDARD = gnu99;
				GCC_DYNAMIC_NO_PIC = NO;
				GCC_NO_COMMON_BLOCKS = YES;
				GCC_OPTIMIZATION_LEVEL = 0;
				GCC_PREPROCESSOR_DEFINITIONS = (
					"DEBUG=1",
					"$(inherited)",
				);
				GCC_WARN_64_TO_32_BIT_CONVERSION = YES;
				GCC_WARN_ABOUT_RETURN_TYPE = YES_ERROR;
				GCC_WARN_UNDECLARED_SELECTOR = YES;
				GCC_WARN_UNINITIALIZED_AUTOS = YES_AGGRESSIVE;
				GCC_WARN_UNUSED_FUNCTION = YES;
				GCC_WARN_UNUSED_VARIABLE = YES;
				IPHONEOS_DEPLOYMENT_TARGET = 9.1;
				MTL_ENABLE_DEBUG_INFO = YES;
				ONLY_ACTIVE_ARCH = YES;
				SDKROOT = iphoneos;
				TARGETED_DEVICE_FAMILY = "1,2";
			};
			name = Debug;
		};
		91EAA4B81C9D06A400DE1307 /* Release */ = {
			isa = XCBuildConfiguration;
			buildSettings = {
				ALWAYS_SEARCH_USER_PATHS = NO;
				CLANG_CXX_LANGUAGE_STANDARD = "gnu++0x";
				CLANG_CXX_LIBRARY = "libc++";
				CLANG_ENABLE_MODULES = YES;
				CLANG_ENABLE_OBJC_ARC = YES;
				CLANG_WARN_BOOL_CONVERSION = YES;
				CLANG_WARN_CONSTANT_CONVERSION = YES;
				CLANG_WARN_DIRECT_OBJC_ISA_USAGE = YES_ERROR;
				CLANG_WARN_EMPTY_BODY = YES;
				CLANG_WARN_ENUM_CONVERSION = YES;
				CLANG_WARN_INT_CONVERSION = YES;
				CLANG_WARN_OBJC_ROOT_CLASS = YES_ERROR;
				CLANG_WARN_UNREACHABLE_CODE = YES;
				CLANG_WARN__DUPLICATE_METHOD_MATCH = YES;
				"CODE_SIGN_IDENTITY[sdk=iphoneos*]" = "iPhone Developer";
				COPY_PHASE_STRIP = NO;
				DEBUG_INFORMATION_FORMAT = "dwarf-with-dsym";
				ENABLE_NS_ASSERTIONS = NO;
				ENABLE_STRICT_OBJC_MSGSEND = YES;
				GCC_C_LANGUAGE_STANDARD = gnu99;
				GCC_NO_COMMON_BLOCKS = YES;
				GCC_WARN_64_TO_32_BIT_CONVERSION = YES;
				GCC_WARN_ABOUT_RETURN_TYPE = YES_ERROR;
				GCC_WARN_UNDECLARED_SELECTOR = YES;
				GCC_WARN_UNINITIALIZED_AUTOS = YES_AGGRESSIVE;
				GCC_WARN_UNUSED_FUNCTION = YES;
				GCC_WARN_UNUSED_VARIABLE = YES;
				IPHONEOS_DEPLOYMENT_TARGET = 9.1;
				MTL_ENABLE_DEBUG_INFO = NO;
				SDKROOT = iphoneos;
				TARGETED_DEVICE_FAMILY = "1,2";
				VALIDATE_PRODUCT = YES;
			};
			name = Release;
		};
		91EAA4BA1C9D06A400DE1307 /* Debug */ = {
			isa = XCBuildConfiguration;
			baseConfigurationReference = F16F4AC761EBBFE78D322032 /* Pods-StuManagement.debug.xcconfig */;
			buildSettings = {
				ASSETCATALOG_COMPILER_APPICON_NAME = AppIcon;
				GCC_PREFIX_HEADER = "$(SRCROOT)/StuManagement/StuMan-pch.pch";
				INFOPLIST_FILE = StuManagement/Info.plist;
				IPHONEOS_DEPLOYMENT_TARGET = 7.0;
				LD_RUNPATH_SEARCH_PATHS = "$(inherited) @executable_path/Frameworks";
				PRODUCT_BUNDLE_IDENTIFIER = com.miao.StuManagement;
				PRODUCT_NAME = "$(TARGET_NAME)";
			};
			name = Debug;
		};
		91EAA4BB1C9D06A400DE1307 /* Release */ = {
			isa = XCBuildConfiguration;
			baseConfigurationReference = D5BB0E3BB0953FBED8BA0D2A /* Pods-StuManagement.release.xcconfig */;
			buildSettings = {
				ASSETCATALOG_COMPILER_APPICON_NAME = AppIcon;
				GCC_PREFIX_HEADER = "$(SRCROOT)/StuManagement/StuMan-pch.pch";
				INFOPLIST_FILE = StuManagement/Info.plist;
				IPHONEOS_DEPLOYMENT_TARGET = 7.0;
				LD_RUNPATH_SEARCH_PATHS = "$(inherited) @executable_path/Frameworks";
				PRODUCT_BUNDLE_IDENTIFIER = com.miao.StuManagement;
				PRODUCT_NAME = "$(TARGET_NAME)";
			};
			name = Release;
		};
/* End XCBuildConfiguration section */

/* Begin XCConfigurationList section */
		91EAA49D1C9D06A400DE1307 /* Build configuration list for PBXProject "StuManagement" */ = {
			isa = XCConfigurationList;
			buildConfigurations = (
				91EAA4B71C9D06A400DE1307 /* Debug */,
				91EAA4B81C9D06A400DE1307 /* Release */,
			);
			defaultConfigurationIsVisible = 0;
			defaultConfigurationName = Release;
		};
		91EAA4B91C9D06A400DE1307 /* Build configuration list for PBXNativeTarget "StuManagement" */ = {
			isa = XCConfigurationList;
			buildConfigurations = (
				91EAA4BA1C9D06A400DE1307 /* Debug */,
				91EAA4BB1C9D06A400DE1307 /* Release */,
			);
			defaultConfigurationIsVisible = 0;
			defaultConfigurationName = Release;
		};
/* End XCConfigurationList section */
	};
	rootObject = 91EAA49A1C9D06A400DE1307 /* Project object */;
}
